
Microsoft Visual Studio Solution File, Format Version 12.00
# Visual Studio Version 16
VisualStudioVersion = 16.0.32901.82
MinimumVisualStudioVersion = 10.0.40219.1
Project("{FAE04EC0-301F-11D3-BF4B-00C04F79EFBC}") = "Assigmenrc", "Assigmenrc\Assigmenrc.csproj", "{04035FF0-5F71-4BFF-8C75-3CE8CCA2EB05}"
EndProject
Global
	GlobalSection(SolutionConfigurationPlatforms) = preSolution
		Debug|Any CPU = Debug|Any CPU
		Release|Any CPU = Release|Any CPU
	EndGlobalSection
	GlobalSection(ProjectConfigurationPlatforms) = postSolution
		{04035FF0-5F71-4BFF-8C75-3CE8CCA2EB05}.Debug|Any CPU.ActiveCfg = Debug|Any CPU
		{04035FF0-5F71-4BFF-8C75-3CE8CCA2EB05}.Debug|Any CPU.Build.0 = Debug|Any CPU
		{04035FF0-5F71-4BFF-8C75-3CE8CCA2EB05}.Release|Any CPU.ActiveCfg = Release|Any CPU
		{04035FF0-5F71-4BFF-8C75-3CE8CCA2EB05}.Release|Any CPU.Build.0 = Release|Any CPU
	EndGlobalSection
	GlobalSection(SolutionProperties) = preSolution
		HideSolutionNode = FALSE
	EndGlobalSection
	GlobalSection(ExtensibilityGlobals) = postSolution
		SolutionGuid = {FE484B5E-F855-4A42-BF35-BF7A35A07324}
	EndGlobalSection
EndGlobal
