
Microsoft Visual Studio Solution File, Format Version 12.00
# Visual Studio Version 16
VisualStudioVersion = 16.0.32901.82
MinimumVisualStudioVersion = 10.0.40219.1
Project("{FAE04EC0-301F-11D3-BF4B-00C04F79EFBC}") = "File", "File\File.csproj", "{89C0B0FB-D87E-4CCF-A4E9-2A41FF0265EA}"
EndProject
Global
	GlobalSection(SolutionConfigurationPlatforms) = preSolution
		Debug|Any CPU = Debug|Any CPU
		Release|Any CPU = Release|Any CPU
	EndGlobalSection
	GlobalSection(ProjectConfigurationPlatforms) = postSolution
		{89C0B0FB-D87E-4CCF-A4E9-2A41FF0265EA}.Debug|Any CPU.ActiveCfg = Debug|Any CPU
		{89C0B0FB-D87E-4CCF-A4E9-2A41FF0265EA}.Debug|Any CPU.Build.0 = Debug|Any CPU
		{89C0B0FB-D87E-4CCF-A4E9-2A41FF0265EA}.Release|Any CPU.ActiveCfg = Release|Any CPU
		{89C0B0FB-D87E-4CCF-A4E9-2A41FF0265EA}.Release|Any CPU.Build.0 = Release|Any CPU
	EndGlobalSection
	GlobalSection(SolutionProperties) = preSolution
		HideSolutionNode = FALSE
	EndGlobalSection
	GlobalSection(ExtensibilityGlobals) = postSolution
		SolutionGuid = {A6CDE875-FB2D-4BE7-ABBF-B6A46FBD2D88}
	EndGlobalSection
EndGlobal
